
Microsoft Visual Studio Solution File, Format Version 12.00
# Visual Studio Version 17
VisualStudioVersion = 17.0.31919.166
MinimumVisualStudioVersion = 10.0.40219.1
Project("{2150E333-8FDC-42A3-9474-1A3956D46DE8}") = "Services", "Services", "{AD84958A-5BC3-45BA-B5D9-732315D933EB}"
EndProject
Project("{2150E333-8FDC-42A3-9474-1A3956D46DE8}") = "Catalog", "Catalog", "{D39FBCB8-4B56-4E36-8846-2D6ABD1EA5FD}"
EndProject
Project("{9A19103F-16F7-4668-BE54-9A1E7A4F7556}") = "Catalog.API", "Services\Catalog\Catalog.API\Catalog.API.csproj", "{4050E626-3A93-4239-897B-7D30D93E1E20}"
EndProject
Project("{E53339B2-1760-4266-BCC7-CA923CBCF16C}") = "docker-compose", "docker-compose.dcproj", "{23CA3AB3-6806-4F10-A531-B12FB7D86DCE}"
EndProject
Project("{2150E333-8FDC-42A3-9474-1A3956D46DE8}") = "Basket", "Basket", "{56F277AF-0EDB-43D2-AB59-06E7F22A28D8}"
EndProject
Project("{9A19103F-16F7-4668-BE54-9A1E7A4F7556}") = "Basket.API", "Services\Basket\Basket.API\Basket.API.csproj", "{357718B8-9D1F-404E-9613-FF97FA0D5AB7}"
EndProject
Project("{2150E333-8FDC-42A3-9474-1A3956D46DE8}") = "Discount", "Discount", "{30334616-D5ED-4155-9C4B-2A53951D2B7C}"
EndProject
Project("{9A19103F-16F7-4668-BE54-9A1E7A4F7556}") = "Discount.API", "Services\Discount\Discount.API\Discount.API.csproj", "{E6E213CF-9523-40FD-A718-32810117788F}"
EndProject
Project("{9A19103F-16F7-4668-BE54-9A1E7A4F7556}") = "Discount.Grpc", "Services\Discount\Discount.Grpc\Discount.Grpc.csproj", "{CE30EC30-405F-4317-9277-716D77026263}"
EndProject
Project("{2150E333-8FDC-42A3-9474-1A3956D46DE8}") = "Ordering", "Ordering", "{ECCB64EA-EAB1-430D-AA6B-FFA089E7FD4F}"
EndProject
Project("{9A19103F-16F7-4668-BE54-9A1E7A4F7556}") = "Ordering.API", "Services\Ordering\Ordering.API\Ordering.API.csproj", "{CCC3484A-B362-4204-BC07-2D7503F23297}"
EndProject
Project("{9A19103F-16F7-4668-BE54-9A1E7A4F7556}") = "Ordering.Domain", "Services\Ordering\Ordering.Domain\Ordering.Domain.csproj", "{9B02DCBA-A8CD-4777-8D81-AAB19B65E531}"
EndProject
Project("{9A19103F-16F7-4668-BE54-9A1E7A4F7556}") = "Ordering.Application", "Services\Ordering\Ordering.Application\Ordering.Application.csproj", "{8C4B7DDE-8827-4E15-8F8A-C9491A7F236F}"
EndProject
Project("{9A19103F-16F7-4668-BE54-9A1E7A4F7556}") = "Ordering.Infrastructure", "Services\Ordering\Ordering.Infrastructure\Ordering.Infrastructure.csproj", "{A05E359E-67C6-4393-A79E-C7C6749FCDE7}"
EndProject
Project("{2150E333-8FDC-42A3-9474-1A3956D46DE8}") = "BuildingBlocks", "BuildingBlocks", "{B7CAA7F9-258F-46DD-A839-4F0B3C2E08E1}"
EndProject
Project("{FAE04EC0-301F-11D3-BF4B-00C04F79EFBC}") = "EventBus.Messages", "BuildingBlocks\EventBus.Messages\EventBus.Messages.csproj", "{46C23919-964D-450E-9FDE-C5388BBE0DEF}"
EndProject
Global
	GlobalSection(SolutionConfigurationPlatforms) = preSolution
		Debug|Any CPU = Debug|Any CPU
		Release|Any CPU = Release|Any CPU
	EndGlobalSection
	GlobalSection(ProjectConfigurationPlatforms) = postSolution
		{4050E626-3A93-4239-897B-7D30D93E1E20}.Debug|Any CPU.ActiveCfg = Debug|Any CPU
		{4050E626-3A93-4239-897B-7D30D93E1E20}.Debug|Any CPU.Build.0 = Debug|Any CPU
		{4050E626-3A93-4239-897B-7D30D93E1E20}.Release|Any CPU.ActiveCfg = Release|Any CPU
		{4050E626-3A93-4239-897B-7D30D93E1E20}.Release|Any CPU.Build.0 = Release|Any CPU
		{23CA3AB3-6806-4F10-A531-B12FB7D86DCE}.Debug|Any CPU.ActiveCfg = Debug|Any CPU
		{23CA3AB3-6806-4F10-A531-B12FB7D86DCE}.Debug|Any CPU.Build.0 = Debug|Any CPU
		{23CA3AB3-6806-4F10-A531-B12FB7D86DCE}.Release|Any CPU.ActiveCfg = Release|Any CPU
		{23CA3AB3-6806-4F10-A531-B12FB7D86DCE}.Release|Any CPU.Build.0 = Release|Any CPU
		{357718B8-9D1F-404E-9613-FF97FA0D5AB7}.Debug|Any CPU.ActiveCfg = Debug|Any CPU
		{357718B8-9D1F-404E-9613-FF97FA0D5AB7}.Debug|Any CPU.Build.0 = Debug|Any CPU
		{357718B8-9D1F-404E-9613-FF97FA0D5AB7}.Release|Any CPU.ActiveCfg = Release|Any CPU
		{357718B8-9D1F-404E-9613-FF97FA0D5AB7}.Release|Any CPU.Build.0 = Release|Any CPU
		{E6E213CF-9523-40FD-A718-32810117788F}.Debug|Any CPU.ActiveCfg = Debug|Any CPU
		{E6E213CF-9523-40FD-A718-32810117788F}.Debug|Any CPU.Build.0 = Debug|Any CPU
		{E6E213CF-9523-40FD-A718-32810117788F}.Release|Any CPU.ActiveCfg = Release|Any CPU
		{E6E213CF-9523-40FD-A718-32810117788F}.Release|Any CPU.Build.0 = Release|Any CPU
		{CE30EC30-405F-4317-9277-716D77026263}.Debug|Any CPU.ActiveCfg = Debug|Any CPU
		{CE30EC30-405F-4317-9277-716D77026263}.Debug|Any CPU.Build.0 = Debug|Any CPU
		{CE30EC30-405F-4317-9277-716D77026263}.Release|Any CPU.ActiveCfg = Release|Any CPU
		{CE30EC30-405F-4317-9277-716D77026263}.Release|Any CPU.Build.0 = Release|Any CPU
		{CCC3484A-B362-4204-BC07-2D7503F23297}.Debug|Any CPU.ActiveCfg = Debug|Any CPU
		{CCC3484A-B362-4204-BC07-2D7503F23297}.Debug|Any CPU.Build.0 = Debug|Any CPU
		{CCC3484A-B362-4204-BC07-2D7503F23297}.Release|Any CPU.ActiveCfg = Release|Any CPU
		{CCC3484A-B362-4204-BC07-2D7503F23297}.Release|Any CPU.Build.0 = Release|Any CPU
		{9B02DCBA-A8CD-4777-8D81-AAB19B65E531}.Debug|Any CPU.ActiveCfg = Debug|Any CPU
		{9B02DCBA-A8CD-4777-8D81-AAB19B65E531}.Debug|Any CPU.Build.0 = Debug|Any CPU
		{9B02DCBA-A8CD-4777-8D81-AAB19B65E531}.Release|Any CPU.ActiveCfg = Release|Any CPU
		{9B02DCBA-A8CD-4777-8D81-AAB19B65E531}.Release|Any CPU.Build.0 = Release|Any CPU
		{8C4B7DDE-8827-4E15-8F8A-C9491A7F236F}.Debug|Any CPU.ActiveCfg = Debug|Any CPU
		{8C4B7DDE-8827-4E15-8F8A-C9491A7F236F}.Debug|Any CPU.Build.0 = Debug|Any CPU
		{8C4B7DDE-8827-4E15-8F8A-C9491A7F236F}.Release|Any CPU.ActiveCfg = Release|Any CPU
		{8C4B7DDE-8827-4E15-8F8A-C9491A7F236F}.Release|Any CPU.Build.0 = Release|Any CPU
		{A05E359E-67C6-4393-A79E-C7C6749FCDE7}.Debug|Any CPU.ActiveCfg = Debug|Any CPU
		{A05E359E-67C6-4393-A79E-C7C6749FCDE7}.Debug|Any CPU.Build.0 = Debug|Any CPU
		{A05E359E-67C6-4393-A79E-C7C6749FCDE7}.Release|Any CPU.ActiveCfg = Release|Any CPU
		{A05E359E-67C6-4393-A79E-C7C6749FCDE7}.Release|Any CPU.Build.0 = Release|Any CPU
		{46C23919-964D-450E-9FDE-C5388BBE0DEF}.Debug|Any CPU.ActiveCfg = Debug|Any CPU
		{46C23919-964D-450E-9FDE-C5388BBE0DEF}.Debug|Any CPU.Build.0 = Debug|Any CPU
		{46C23919-964D-450E-9FDE-C5388BBE0DEF}.Release|Any CPU.ActiveCfg = Release|Any CPU
		{46C23919-964D-450E-9FDE-C5388BBE0DEF}.Release|Any CPU.Build.0 = Release|Any CPU
	EndGlobalSection
	GlobalSection(SolutionProperties) = preSolution
		HideSolutionNode = FALSE
	EndGlobalSection
	GlobalSection(NestedProjects) = preSolution
		{D39FBCB8-4B56-4E36-8846-2D6ABD1EA5FD} = {AD84958A-5BC3-45BA-B5D9-732315D933EB}
		{4050E626-3A93-4239-897B-7D30D93E1E20} = {D39FBCB8-4B56-4E36-8846-2D6ABD1EA5FD}
		{56F277AF-0EDB-43D2-AB59-06E7F22A28D8} = {AD84958A-5BC3-45BA-B5D9-732315D933EB}
		{357718B8-9D1F-404E-9613-FF97FA0D5AB7} = {56F277AF-0EDB-43D2-AB59-06E7F22A28D8}
		{30334616-D5ED-4155-9C4B-2A53951D2B7C} = {AD84958A-5BC3-45BA-B5D9-732315D933EB}
		{E6E213CF-9523-40FD-A718-32810117788F} = {30334616-D5ED-4155-9C4B-2A53951D2B7C}
		{CE30EC30-405F-4317-9277-716D77026263} = {30334616-D5ED-4155-9C4B-2A53951D2B7C}
		{ECCB64EA-EAB1-430D-AA6B-FFA089E7FD4F} = {AD84958A-5BC3-45BA-B5D9-732315D933EB}
		{CCC3484A-B362-4204-BC07-2D7503F23297} = {ECCB64EA-EAB1-430D-AA6B-FFA089E7FD4F}
		{9B02DCBA-A8CD-4777-8D81-AAB19B65E531} = {ECCB64EA-EAB1-430D-AA6B-FFA089E7FD4F}
		{8C4B7DDE-8827-4E15-8F8A-C9491A7F236F} = {ECCB64EA-EAB1-430D-AA6B-FFA089E7FD4F}
		{A05E359E-67C6-4393-A79E-C7C6749FCDE7} = {ECCB64EA-EAB1-430D-AA6B-FFA089E7FD4F}
		{46C23919-964D-450E-9FDE-C5388BBE0DEF} = {B7CAA7F9-258F-46DD-A839-4F0B3C2E08E1}
	EndGlobalSection
	GlobalSection(ExtensibilityGlobals) = postSolution
		SolutionGuid = {0C3BC6B9-99B5-471C-A085-F7C316AF4A66}
	EndGlobalSection
EndGlobal
